// !$*UTF8*$!
{
	archiveVersion = 1;
	classes = {
	};
	objectVersion = 48;
	objects = {

/* Begin PBXBuildFile section */
		1854DBF18F6E2E1B692A2768 /* Pods_wForecast.framework in Frameworks */ = {isa = PBXBuildFile; fileRef = 8AA82616C84CCD1AFD94CA95 /* Pods_wForecast.framework */; };
		B41286F91FE6FCAD00C10124 /* SearchTableViewController.swift in Sources */ = {isa = PBXBuildFile; fileRef = B41286F81FE6FCAD00C10124 /* SearchTableViewController.swift */; };
		B41286FB1FE6FD1100C10124 /* CitySearch.storyboard in Resources */ = {isa = PBXBuildFile; fileRef = B41286FA1FE6FD1100C10124 /* CitySearch.storyboard */; };
		B41286FD1FE74B2500C10124 /* UserPreference.swift in Sources */ = {isa = PBXBuildFile; fileRef = B41286FC1FE74B2500C10124 /* UserPreference.swift */; };
		B416326F1FE5EBDF00C887EA /* CityList.storyboard in Resources */ = {isa = PBXBuildFile; fileRef = B416326E1FE5EBDF00C887EA /* CityList.storyboard */; };
		B41632711FE5EBFC00C887EA /* Weather.storyboard in Resources */ = {isa = PBXBuildFile; fileRef = B41632701FE5EBFC00C887EA /* Weather.storyboard */; };
		B41632731FE5ED3000C887EA /* WeatherViewController.swift in Sources */ = {isa = PBXBuildFile; fileRef = B41632721FE5ED3000C887EA /* WeatherViewController.swift */; };
		B41632751FE5EF1900C887EA /* CityListTableViewCell.swift in Sources */ = {isa = PBXBuildFile; fileRef = B41632741FE5EF1900C887EA /* CityListTableViewCell.swift */; };
		B41632791FE6281400C887EA /* StoryboardName.swift in Sources */ = {isa = PBXBuildFile; fileRef = B41632781FE6281400C887EA /* StoryboardName.swift */; };
		B41D02A71FE37B0F0042DC22 /* AppDelegate.swift in Sources */ = {isa = PBXBuildFile; fileRef = B41D02A61FE37B0F0042DC22 /* AppDelegate.swift */; };
		B41D02A91FE37B0F0042DC22 /* HomeViewController.swift in Sources */ = {isa = PBXBuildFile; fileRef = B41D02A81FE37B0F0042DC22 /* HomeViewController.swift */; };
		B41D02AC1FE37B0F0042DC22 /* Main.storyboard in Resources */ = {isa = PBXBuildFile; fileRef = B41D02AA1FE37B0F0042DC22 /* Main.storyboard */; };
		B41D02B11FE37B100042DC22 /* Assets.xcassets in Resources */ = {isa = PBXBuildFile; fileRef = B41D02B01FE37B100042DC22 /* Assets.xcassets */; };
		B41D02B41FE37B100042DC22 /* LaunchScreen.storyboard in Resources */ = {isa = PBXBuildFile; fileRef = B41D02B21FE37B100042DC22 /* LaunchScreen.storyboard */; };
		B41D02C21FE380520042DC22 /* WeatherDownloader.swift in Sources */ = {isa = PBXBuildFile; fileRef = B41D02C11FE380520042DC22 /* WeatherDownloader.swift */; };
		B4A32DEB1FE5C41000BDCB00 /* AppInfo.swift in Sources */ = {isa = PBXBuildFile; fileRef = B4A32DEA1FE5C41000BDCB00 /* AppInfo.swift */; };
		B4A32DED1FE5D14400BDCB00 /* CityListViewController.swift in Sources */ = {isa = PBXBuildFile; fileRef = B4A32DEC1FE5D14400BDCB00 /* CityListViewController.swift */; };
/* End PBXBuildFile section */

/* Begin PBXFileReference section */
		640DF8EFDA7AC6E920278A5D /* Pods-wForecast.release.xcconfig */ = {isa = PBXFileReference; includeInIndex = 1; lastKnownFileType = text.xcconfig; name = "Pods-wForecast.release.xcconfig"; path = "Pods/Target Support Files/Pods-wForecast/Pods-wForecast.release.xcconfig"; sourceTree = "<group>"; };
		8AA82616C84CCD1AFD94CA95 /* Pods_wForecast.framework */ = {isa = PBXFileReference; explicitFileType = wrapper.framework; includeInIndex = 0; path = Pods_wForecast.framework; sourceTree = BUILT_PRODUCTS_DIR; };
		AB20C63EC4E16A01B56D0FC2 /* Pods-wForecast.debug.xcconfig */ = {isa = PBXFileReference; includeInIndex = 1; lastKnownFileType = text.xcconfig; name = "Pods-wForecast.debug.xcconfig"; path = "Pods/Target Support Files/Pods-wForecast/Pods-wForecast.debug.xcconfig"; sourceTree = "<group>"; };
		B41286F81FE6FCAD00C10124 /* SearchTableViewController.swift */ = {isa = PBXFileReference; lastKnownFileType = sourcecode.swift; path = SearchTableViewController.swift; sourceTree = "<group>"; };
		B41286FA1FE6FD1100C10124 /* CitySearch.storyboard */ = {isa = PBXFileReference; lastKnownFileType = file.storyboard; path = CitySearch.storyboard; sourceTree = "<group>"; };
		B41286FC1FE74B2500C10124 /* UserPreference.swift */ = {isa = PBXFileReference; lastKnownFileType = sourcecode.swift; path = UserPreference.swift; sourceTree = "<group>"; };
		B416326E1FE5EBDF00C887EA /* CityList.storyboard */ = {isa = PBXFileReference; lastKnownFileType = file.storyboard; path = CityList.storyboard; sourceTree = "<group>"; };
		B41632701FE5EBFC00C887EA /* Weather.storyboard */ = {isa = PBXFileReference; lastKnownFileType = file.storyboard; path = Weather.storyboard; sourceTree = "<group>"; };
		B41632721FE5ED3000C887EA /* WeatherViewController.swift */ = {isa = PBXFileReference; lastKnownFileType = sourcecode.swift; path = WeatherViewController.swift; sourceTree = "<group>"; };
		B41632741FE5EF1900C887EA /* CityListTableViewCell.swift */ = {isa = PBXFileReference; lastKnownFileType = sourcecode.swift; path = CityListTableViewCell.swift; sourceTree = "<group>"; };
		B41632781FE6281400C887EA /* StoryboardName.swift */ = {isa = PBXFileReference; lastKnownFileType = sourcecode.swift; path = StoryboardName.swift; sourceTree = "<group>"; };
		B41D02A31FE37B0F0042DC22 /* wForecast.app */ = {isa = PBXFileReference; explicitFileType = wrapper.application; includeInIndex = 0; path = wForecast.app; sourceTree = BUILT_PRODUCTS_DIR; };
		B41D02A61FE37B0F0042DC22 /* AppDelegate.swift */ = {isa = PBXFileReference; lastKnownFileType = sourcecode.swift; path = AppDelegate.swift; sourceTree = "<group>"; };
		B41D02A81FE37B0F0042DC22 /* HomeViewController.swift */ = {isa = PBXFileReference; lastKnownFileType = sourcecode.swift; path = HomeViewController.swift; sourceTree = "<group>"; };
		B41D02AB1FE37B0F0042DC22 /* Base */ = {isa = PBXFileReference; lastKnownFileType = file.storyboard; name = Base; path = Base.lproj/Main.storyboard; sourceTree = "<group>"; };
		B41D02B01FE37B100042DC22 /* Assets.xcassets */ = {isa = PBXFileReference; lastKnownFileType = folder.assetcatalog; path = Assets.xcassets; sourceTree = "<group>"; };
		B41D02B31FE37B100042DC22 /* Base */ = {isa = PBXFileReference; lastKnownFileType = file.storyboard; name = Base; path = Base.lproj/LaunchScreen.storyboard; sourceTree = "<group>"; };
		B41D02B51FE37B100042DC22 /* Info.plist */ = {isa = PBXFileReference; lastKnownFileType = text.plist.xml; path = Info.plist; sourceTree = "<group>"; };
		B41D02C11FE380520042DC22 /* WeatherDownloader.swift */ = {isa = PBXFileReference; lastKnownFileType = sourcecode.swift; path = WeatherDownloader.swift; sourceTree = "<group>"; };
		B4A32DEA1FE5C41000BDCB00 /* AppInfo.swift */ = {isa = PBXFileReference; lastKnownFileType = sourcecode.swift; path = AppInfo.swift; sourceTree = "<group>"; };
		B4A32DEC1FE5D14400BDCB00 /* CityListViewController.swift */ = {isa = PBXFileReference; lastKnownFileType = sourcecode.swift; path = CityListViewController.swift; sourceTree = "<group>"; };
/* End PBXFileReference section */

/* Begin PBXFrameworksBuildPhase section */
		B41D02A01FE37B0F0042DC22 /* Frameworks */ = {
			isa = PBXFrameworksBuildPhase;
			buildActionMask = 2147483647;
			files = (
				1854DBF18F6E2E1B692A2768 /* Pods_wForecast.framework in Frameworks */,
			);
			runOnlyForDeploymentPostprocessing = 0;
		};
/* End PBXFrameworksBuildPhase section */

/* Begin PBXGroup section */
		6A7C4167D5317F68E3C0EABA /* Pods */ = {
			isa = PBXGroup;
			children = (
				AB20C63EC4E16A01B56D0FC2 /* Pods-wForecast.debug.xcconfig */,
				640DF8EFDA7AC6E920278A5D /* Pods-wForecast.release.xcconfig */,
			);
			name = Pods;
			sourceTree = "<group>";
		};
		76C276E32BA21EED6DDDEA1A /* Frameworks */ = {
			isa = PBXGroup;
			children = (
				8AA82616C84CCD1AFD94CA95 /* Pods_wForecast.framework */,
			);
			name = Frameworks;
			sourceTree = "<group>";
		};
		B41D029A1FE37B0F0042DC22 = {
			isa = PBXGroup;
			children = (
				B41D02A51FE37B0F0042DC22 /* wForecast */,
				B41D02A41FE37B0F0042DC22 /* Products */,
				6A7C4167D5317F68E3C0EABA /* Pods */,
				76C276E32BA21EED6DDDEA1A /* Frameworks */,
			);
			sourceTree = "<group>";
		};
		B41D02A41FE37B0F0042DC22 /* Products */ = {
			isa = PBXGroup;
			children = (
				B41D02A31FE37B0F0042DC22 /* wForecast.app */,
			);
			name = Products;
			sourceTree = "<group>";
		};
		B41D02A51FE37B0F0042DC22 /* wForecast */ = {
			isa = PBXGroup;
			children = (
				B41D02BD1FE37DEC0042DC22 /* Models */,
				B41D02BC1FE37DDC0042DC22 /* Views */,
				B41D02BB1FE37B480042DC22 /* ViewControllers */,
				B41D02A61FE37B0F0042DC22 /* AppDelegate.swift */,
				B41D02AA1FE37B0F0042DC22 /* Main.storyboard */,
				B41286FA1FE6FD1100C10124 /* CitySearch.storyboard */,
				B416326E1FE5EBDF00C887EA /* CityList.storyboard */,
				B41632701FE5EBFC00C887EA /* Weather.storyboard */,
				B41D02B01FE37B100042DC22 /* Assets.xcassets */,
				B41D02B21FE37B100042DC22 /* LaunchScreen.storyboard */,
				B41D02B51FE37B100042DC22 /* Info.plist */,
			);
			path = wForecast;
			sourceTree = "<group>";
		};
		B41D02BB1FE37B480042DC22 /* ViewControllers */ = {
			isa = PBXGroup;
			children = (
				B41D02A81FE37B0F0042DC22 /* HomeViewController.swift */,
				B4A32DEC1FE5D14400BDCB00 /* CityListViewController.swift */,
				B41632721FE5ED3000C887EA /* WeatherViewController.swift */,
				B41286F81FE6FCAD00C10124 /* SearchTableViewController.swift */,
			);
			path = ViewControllers;
			sourceTree = "<group>";
		};
		B41D02BC1FE37DDC0042DC22 /* Views */ = {
			isa = PBXGroup;
			children = (
				B41632741FE5EF1900C887EA /* CityListTableViewCell.swift */,
			);
			path = Views;
			sourceTree = "<group>";
		};
		B41D02BD1FE37DEC0042DC22 /* Models */ = {
			isa = PBXGroup;
			children = (
				B4E5034C1FE3954200D540C8 /* Data */,
				B41D02C01FE3802A0042DC22 /* Network */,
			);
			path = Models;
			sourceTree = "<group>";
		};
		B41D02C01FE3802A0042DC22 /* Network */ = {
			isa = PBXGroup;
			children = (
				B41D02C11FE380520042DC22 /* WeatherDownloader.swift */,
			);
			path = Network;
			sourceTree = "<group>";
		};
		B4E5034C1FE3954200D540C8 /* Data */ = {
			isa = PBXGroup;
			children = (
				B4A32DEA1FE5C41000BDCB00 /* AppInfo.swift */,
				B41632781FE6281400C887EA /* StoryboardName.swift */,
				B41286FC1FE74B2500C10124 /* UserPreference.swift */,
			);
			path = Data;
			sourceTree = "<group>";
		};
/* End PBXGroup section */

/* Begin PBXNativeTarget section */
		B41D02A21FE37B0F0042DC22 /* wForecast */ = {
			isa = PBXNativeTarget;
			buildConfigurationList = B41D02B81FE37B100042DC22 /* Build configuration list for PBXNativeTarget "wForecast" */;
			buildPhases = (
				40BA7B288609B7DEE219CB73 /* [CP] Check Pods Manifest.lock */,
				B41D029F1FE37B0F0042DC22 /* Sources */,
				B41D02A01FE37B0F0042DC22 /* Frameworks */,
				B41D02A11FE37B0F0042DC22 /* Resources */,
				439B7CDE9A5CCB723E7CAD88 /* [CP] Embed Pods Frameworks */,
				D4D6B70C6F11109E9DFDCCC6 /* [CP] Copy Pods Resources */,
			);
			buildRules = (
			);
			dependencies = (
			);
			name = wForecast;
			productName = wForecast;
			productReference = B41D02A31FE37B0F0042DC22 /* wForecast.app */;
			productType = "com.apple.product-type.application";
		};
/* End PBXNativeTarget section */

/* Begin PBXProject section */
		B41D029B1FE37B0F0042DC22 /* Project object */ = {
			isa = PBXProject;
			attributes = {
				LastSwiftUpdateCheck = 0910;
				LastUpgradeCheck = 0910;
				ORGANIZATIONNAME = "Jack Chen";
				TargetAttributes = {
					B41D02A21FE37B0F0042DC22 = {
						CreatedOnToolsVersion = 9.1;
						ProvisioningStyle = Automatic;
					};
				};
			};
			buildConfigurationList = B41D029E1FE37B0F0042DC22 /* Build configuration list for PBXProject "wForecast" */;
			compatibilityVersion = "Xcode 8.0";
			developmentRegion = en;
			hasScannedForEncodings = 0;
			knownRegions = (
				en,
				Base,
			);
			mainGroup = B41D029A1FE37B0F0042DC22;
			productRefGroup = B41D02A41FE37B0F0042DC22 /* Products */;
			projectDirPath = "";
			projectRoot = "";
			targets = (
				B41D02A21FE37B0F0042DC22 /* wForecast */,
			);
		};
/* End PBXProject section */

/* Begin PBXResourcesBuildPhase section */
		B41D02A11FE37B0F0042DC22 /* Resources */ = {
			isa = PBXResourcesBuildPhase;
			buildActionMask = 2147483647;
			files = (
				B41D02B41FE37B100042DC22 /* LaunchScreen.storyboard in Resources */,
				B41286FB1FE6FD1100C10124 /* CitySearch.storyboard in Resources */,
				B41632711FE5EBFC00C887EA /* Weather.storyboard in Resources */,
				B41D02B11FE37B100042DC22 /* Assets.xcassets in Resources */,
				B41D02AC1FE37B0F0042DC22 /* Main.storyboard in Resources */,
				B416326F1FE5EBDF00C887EA /* CityList.storyboard in Resources */,
			);
			runOnlyForDeploymentPostprocessing = 0;
		};
/* End PBXResourcesBuildPhase section */

/* Begin PBXShellScriptBuildPhase section */
		40BA7B288609B7DEE219CB73 /* [CP] Check Pods Manifest.lock */ = {
			isa = PBXShellScriptBuildPhase;
			buildActionMask = 2147483647;
			files = (
			);
			inputPaths = (
				"${PODS_PODFILE_DIR_PATH}/Podfile.lock",
				"${PODS_ROOT}/Manifest.lock",
			);
			name = "[CP] Check Pods Manifest.lock";
			outputPaths = (
				"$(DERIVED_FILE_DIR)/Pods-wForecast-checkManifestLockResult.txt",
			);
			runOnlyForDeploymentPostprocessing = 0;
			shellPath = /bin/sh;
			shellScript = "diff \"${PODS_PODFILE_DIR_PATH}/Podfile.lock\" \"${PODS_ROOT}/Manifest.lock\" > /dev/null\nif [ $? != 0 ] ; then\n    # print error to STDERR\n    echo \"error: The sandbox is not in sync with the Podfile.lock. Run 'pod install' or update your CocoaPods installation.\" >&2\n    exit 1\nfi\n# This output is used by Xcode 'outputs' to avoid re-running this script phase.\necho \"SUCCESS\" > \"${SCRIPT_OUTPUT_FILE_0}\"\n";
			showEnvVarsInLog = 0;
		};
		439B7CDE9A5CCB723E7CAD88 /* [CP] Embed Pods Frameworks */ = {
			isa = PBXShellScriptBuildPhase;
			buildActionMask = 2147483647;
			files = (
			);
			inputPaths = (
				"${SRCROOT}/Pods/Target Support Files/Pods-wForecast/Pods-wForecast-frameworks.sh",
				"${BUILT_PRODUCTS_DIR}/CZWeatherKit/CZWeatherKit.framework",
				"${BUILT_PRODUCTS_DIR}/PINCache/PINCache.framework",
			);
			name = "[CP] Embed Pods Frameworks";
			outputPaths = (
				"${TARGET_BUILD_DIR}/${FRAMEWORKS_FOLDER_PATH}/CZWeatherKit.framework",
				"${TARGET_BUILD_DIR}/${FRAMEWORKS_FOLDER_PATH}/PINCache.framework",
			);
			runOnlyForDeploymentPostprocessing = 0;
			shellPath = /bin/sh;
			shellScript = "\"${SRCROOT}/Pods/Target Support Files/Pods-wForecast/Pods-wForecast-frameworks.sh\"\n";
			showEnvVarsInLog = 0;
		};
		D4D6B70C6F11109E9DFDCCC6 /* [CP] Copy Pods Resources */ = {
			isa = PBXShellScriptBuildPhase;
			buildActionMask = 2147483647;
			files = (
			);
			inputPaths = (
			);
			name = "[CP] Copy Pods Resources";
			outputPaths = (
			);
			runOnlyForDeploymentPostprocessing = 0;
			shellPath = /bin/sh;
			shellScript = "\"${SRCROOT}/Pods/Target Support Files/Pods-wForecast/Pods-wForecast-resources.sh\"\n";
			showEnvVarsInLog = 0;
		};
/* End PBXShellScriptBuildPhase section */

/* Begin PBXSourcesBuildPhase section */
		B41D029F1FE37B0F0042DC22 /* Sources */ = {
			isa = PBXSourcesBuildPhase;
			buildActionMask = 2147483647;
			files = (
				B41D02A91FE37B0F0042DC22 /* HomeViewController.swift in Sources */,
				B41632731FE5ED3000C887EA /* WeatherViewController.swift in Sources */,
				B41286F91FE6FCAD00C10124 /* SearchTableViewController.swift in Sources */,
				B41D02C21FE380520042DC22 /* WeatherDownloader.swift in Sources */,
				B4A32DED1FE5D14400BDCB00 /* CityListViewController.swift in Sources */,
				B41D02A71FE37B0F0042DC22 /* AppDelegate.swift in Sources */,
				B41632791FE6281400C887EA /* StoryboardName.swift in Sources */,
				B41632751FE5EF1900C887EA /* CityListTableViewCell.swift in Sources */,
				B41286FD1FE74B2500C10124 /* UserPreference.swift in Sources */,
				B4A32DEB1FE5C41000BDCB00 /* AppInfo.swift in Sources */,
			);
			runOnlyForDeploymentPostprocessing = 0;
		};
/* End PBXSourcesBuildPhase section */

/* Begin PBXVariantGroup section */
		B41D02AA1FE37B0F0042DC22 /* Main.storyboard */ = {
			isa = PBXVariantGroup;
			children = (
				B41D02AB1FE37B0F0042DC22 /* Base */,
			);
			name = Main.storyboard;
			sourceTree = "<group>";
		};
		B41D02B21FE37B100042DC22 /* LaunchScreen.storyboard */ = {
			isa = PBXVariantGroup;
			children = (
				B41D02B31FE37B100042DC22 /* Base */,
			);
			name = LaunchScreen.storyboard;
			sourceTree = "<group>";
		};
/* End PBXVariantGroup section */

/* Begin XCBuildConfiguration section */
		B41D02B61FE37B100042DC22 /* Debug */ = {
			isa = XCBuildConfiguration;
			buildSettings = {
				ALWAYS_SEARCH_USER_PATHS = NO;
				CLANG_ANALYZER_NONNULL = YES;
				CLANG_ANALYZER_NUMBER_OBJECT_CONVERSION = YES_AGGRESSIVE;
				CLANG_CXX_LANGUAGE_STANDARD = "gnu++14";
				CLANG_CXX_LIBRARY = "libc++";
				CLANG_ENABLE_MODULES = YES;
				CLANG_ENABLE_OBJC_ARC = YES;
				CLANG_WARN_BLOCK_CAPTURE_AUTORELEASING = YES;
				CLANG_WARN_BOOL_CONVERSION = YES;
				CLANG_WARN_COMMA = YES;
				CLANG_WARN_CONSTANT_CONVERSION = YES;
				CLANG_WARN_DIRECT_OBJC_ISA_USAGE = YES_ERROR;
				CLANG_WARN_DOCUMENTATION_COMMENTS = YES;
				CLANG_WARN_EMPTY_BODY = YES;
				CLANG_WARN_ENUM_CONVERSION = YES;
				CLANG_WARN_INFINITE_RECURSION = YES;
				CLANG_WARN_INT_CONVERSION = YES;
				CLANG_WARN_NON_LITERAL_NULL_CONVERSION = YES;
				CLANG_WARN_OBJC_LITERAL_CONVERSION = YES;
				CLANG_WARN_OBJC_ROOT_CLASS = YES_ERROR;
				CLANG_WARN_RANGE_LOOP_ANALYSIS = YES;
				CLANG_WARN_STRICT_PROTOTYPES = YES;
				CLANG_WARN_SUSPICIOUS_MOVE = YES;
				CLANG_WARN_UNGUARDED_AVAILABILITY = YES_AGGRESSIVE;
				CLANG_WARN_UNREACHABLE_CODE = YES;
				CLANG_WARN__DUPLICATE_METHOD_MATCH = YES;
				CODE_SIGN_IDENTITY = "iPhone Developer";
				COPY_PHASE_STRIP = NO;
				DEBUG_INFORMATION_FORMAT = dwarf;
				ENABLE_STRICT_OBJC_MSGSEND = YES;
				ENABLE_TESTABILITY = YES;
				GCC_C_LANGUAGE_STANDARD = gnu11;
				GCC_DYNAMIC_NO_PIC = NO;
				GCC_NO_COMMON_BLOCKS = YES;
				GCC_OPTIMIZATION_LEVEL = 0;
				GCC_PREPROCESSOR_DEFINITIONS = (
					"DEBUG=1",
					"$(inherited)",
				);
				GCC_WARN_64_TO_32_BIT_CONVERSION = YES;
				GCC_WARN_ABOUT_RETURN_TYPE = YES_ERROR;
				GCC_WARN_UNDECLARED_SELECTOR = YES;
				GCC_WARN_UNINITIALIZED_AUTOS = YES_AGGRESSIVE;
				GCC_WARN_UNUSED_FUNCTION = YES;
				GCC_WARN_UNUSED_VARIABLE = YES;
				IPHONEOS_DEPLOYMENT_TARGET = 11.1;
				MTL_ENABLE_DEBUG_INFO = YES;
				ONLY_ACTIVE_ARCH = YES;
				SDKROOT = iphoneos;
				SWIFT_ACTIVE_COMPILATION_CONDITIONS = DEBUG;
				SWIFT_OPTIMIZATION_LEVEL = "-Onone";
			};
			name = Debug;
		};
		B41D02B71FE37B100042DC22 /* Release */ = {
			isa = XCBuildConfiguration;
			buildSettings = {
				ALWAYS_SEARCH_USER_PATHS = NO;
				CLANG_ANALYZER_NONNULL = YES;
				CLANG_ANALYZER_NUMBER_OBJECT_CONVERSION = YES_AGGRESSIVE;
				CLANG_CXX_LANGUAGE_STANDARD = "gnu++14";
				CLANG_CXX_LIBRARY = "libc++";
				CLANG_ENABLE_MODULES = YES;
				CLANG_ENABLE_OBJC_ARC = YES;
				CLANG_WARN_BLOCK_CAPTURE_AUTORELEASING = YES;
				CLANG_WARN_BOOL_CONVERSION = YES;
				CLANG_WARN_COMMA = YES;
				CLANG_WARN_CONSTANT_CONVERSION = YES;
				CLANG_WARN_DIRECT_OBJC_ISA_USAGE = YES_ERROR;
				CLANG_WARN_DOCUMENTATION_COMMENTS = YES;
				CLANG_WARN_EMPTY_BODY = YES;
				CLANG_WARN_ENUM_CONVERSION = YES;
				CLANG_WARN_INFINITE_RECURSION = YES;
				CLANG_WARN_INT_CONVERSION = YES;
				CLANG_WARN_NON_LITERAL_NULL_CONVERSION = YES;
				CLANG_WARN_OBJC_LITERAL_CONVERSION = YES;
				CLANG_WARN_OBJC_ROOT_CLASS = YES_ERROR;
				CLANG_WARN_RANGE_LOOP_ANALYSIS = YES;
				CLANG_WARN_STRICT_PROTOTYPES = YES;
				CLANG_WARN_SUSPICIOUS_MOVE = YES;
				CLANG_WARN_UNGUARDED_AVAILABILITY = YES_AGGRESSIVE;
				CLANG_WARN_UNREACHABLE_CODE = YES;
				CLANG_WARN__DUPLICATE_METHOD_MATCH = YES;
				CODE_SIGN_IDENTITY = "iPhone Developer";
				COPY_PHASE_STRIP = NO;
				DEBUG_INFORMATION_FORMAT = "dwarf-with-dsym";
				ENABLE_NS_ASSERTIONS = NO;
				ENABLE_STRICT_OBJC_MSGSEND = YES;
				GCC_C_LANGUAGE_STANDARD = gnu11;
				GCC_NO_COMMON_BLOCKS = YES;
				GCC_WARN_64_TO_32_BIT_CONVERSION = YES;
				GCC_WARN_ABOUT_RETURN_TYPE = YES_ERROR;
				GCC_WARN_UNDECLARED_SELECTOR = YES;
				GCC_WARN_UNINITIALIZED_AUTOS = YES_AGGRESSIVE;
				GCC_WARN_UNUSED_FUNCTION = YES;
				GCC_WARN_UNUSED_VARIABLE = YES;
				IPHONEOS_DEPLOYMENT_TARGET = 11.1;
				MTL_ENABLE_DEBUG_INFO = NO;
				SDKROOT = iphoneos;
				SWIFT_OPTIMIZATION_LEVEL = "-Owholemodule";
				VALIDATE_PRODUCT = YES;
			};
			name = Release;
		};
		B41D02B91FE37B100042DC22 /* Debug */ = {
			isa = XCBuildConfiguration;
			baseConfigurationReference = AB20C63EC4E16A01B56D0FC2 /* Pods-wForecast.debug.xcconfig */;
			buildSettings = {
				ASSETCATALOG_COMPILER_APPICON_NAME = AppIcon;
				CODE_SIGN_STYLE = Automatic;
				INFOPLIST_FILE = wForecast/Info.plist;
				LD_RUNPATH_SEARCH_PATHS = "$(inherited) @executable_path/Frameworks";
				PRODUCT_BUNDLE_IDENTIFIER = JackChen8765.wForecast;
				PRODUCT_NAME = "$(TARGET_NAME)";
				SWIFT_VERSION = 4.0;
				TARGETED_DEVICE_FAMILY = "1,2";
			};
			name = Debug;
		};
		B41D02BA1FE37B100042DC22 /* Release */ = {
			isa = XCBuildConfiguration;
			baseConfigurationReference = 640DF8EFDA7AC6E920278A5D /* Pods-wForecast.release.xcconfig */;
			buildSettings = {
				ASSETCATALOG_COMPILER_APPICON_NAME = AppIcon;
				CODE_SIGN_STYLE = Automatic;
				INFOPLIST_FILE = wForecast/Info.plist;
				LD_RUNPATH_SEARCH_PATHS = "$(inherited) @executable_path/Frameworks";
				PRODUCT_BUNDLE_IDENTIFIER = JackChen8765.wForecast;
				PRODUCT_NAME = "$(TARGET_NAME)";
				SWIFT_VERSION = 4.0;
				TARGETED_DEVICE_FAMILY = "1,2";
			};
			name = Release;
		};
/* End XCBuildConfiguration section */

/* Begin XCConfigurationList section */
		B41D029E1FE37B0F0042DC22 /* Build configuration list for PBXProject "wForecast" */ = {
			isa = XCConfigurationList;
			buildConfigurations = (
				B41D02B61FE37B100042DC22 /* Debug */,
				B41D02B71FE37B100042DC22 /* Release */,
			);
			defaultConfigurationIsVisible = 0;
			defaultConfigurationName = Release;
		};
		B41D02B81FE37B100042DC22 /* Build configuration list for PBXNativeTarget "wForecast" */ = {
			isa = XCConfigurationList;
			buildConfigurations = (
				B41D02B91FE37B100042DC22 /* Debug */,
				B41D02BA1FE37B100042DC22 /* Release */,
			);
			defaultConfigurationIsVisible = 0;
			defaultConfigurationName = Release;
		};
/* End XCConfigurationList section */
	};
	rootObject = B41D029B1FE37B0F0042DC22 /* Project object */;
}
